
Microsoft Visual Studio Solution File, Format Version 12.00
# Visual Studio 15
VisualStudioVersion = 15.0.28307.705
MinimumVisualStudioVersion = 10.0.40219.1
Project("{2150E333-8FDC-42A3-9474-1A3956D46DE8}") = "Solution Items", "Solution Items", "{9BFDB83B-2D13-4F19-A73D-689F3A684D7C}"
	ProjectSection(SolutionItems) = preProject
		css\about.css = css\about.css
		about.html = about.html
		index.html = index.html
		css\styles.css = css\styles.css
	EndProjectSection
EndProject
Global
	GlobalSection(SolutionProperties) = preSolution
		HideSolutionNode = FALSE
	EndGlobalSection
	GlobalSection(ExtensibilityGlobals) = postSolution
		SolutionGuid = {12B5B893-8543-41F6-B040-6B6875C4F9C9}
	EndGlobalSection
EndGlobal
